github.com/RaveNoX/go-jsoncommentstrip v1.0.0/go.mod h1:78ihd09MekBnJnxpICcwzCMzGrKSKYe4AqU6PDYYpjk=
github.com/apapsch/go-jsonmerge/v2 v2.0.0 h1:axGnT1gRIfimI7gJifB699GoE/oq+F2MU7Dml6nw9rQ=
github.com/apapsch/go-jsonmerge/v2 v2.0.0/go.mod h1:lvDnEdqiQrp0O42VQGgmlKpxL1AP2+08jFMw88y4klk=
github.com/aws/aws-sdk-go-v2 v1.43.2 h1:cl+IXwWb3qazClUcm08tGSsB6OiuV83JVJO9B0jQcPc=
github.com/aws/aws-sdk-go-v2 v1.43.2/go.mod h1:WEzLKBh/mEjXvx1FtQMWgSxMSTVqxQzjkRtk5fa3wkg=
github.com/aws/aws-sdk-go-v2/aws/protocol/eventstream v1.7.14 h1:3IZY0XAJquT3aHzbkHfPzy4ACPcEjVG0x87KOwtpqGY=
github.com/aws/aws-sdk-go-v2/aws/protocol/eventstream v1.7.14/go.mod h1:zwM6veDkhGgQFqkBy+uT28AAYpLu+uFMlPl+rCg/73E=
github.com/aws/aws-sdk-go-v2/config v1.32.33 h1:M1m/Q6f0OKDEDGwhiNOqx1OjTdrewe3v+GDbHmKczWk=
github.com/aws/aws-sdk-go-v2/config v1.32.33/go.mod h1:fGj1iQj2QpIZzp7jE4aQQ+71TE8cd4z9K4+xCd6EqmE=
github.com/aws/aws-sdk-go-v2/credentials v1.19.32 h1:eNE0JnIblBo1NCvd3tqEYuZz9XDefn69R74CHd3nT7U=
github.com/aws/aws-sdk-go-v2/credentials v1.19.32/go.mod h1:yYJu+6tqKUYZuJSYcpSGjz/6sV/SUaAaKIufnWKx2OU=
github.com/aws/aws-sdk-go-v2/feature/ec2/imds v1.18.33 h1:MobhiR6KIerWxmO74Zit5I3379+mSc2DOdZ3DeRFB9w=
github.com/aws/aws-sdk-go-v2/feature/ec2/imds v1.18.33/go.mod h1:xu02847OdZfNr/jAfZpHtyRk0b3v4d0kaoxNHxZGG/w=
github.com/aws/aws-sdk-go-v2/internal/configsources v1.4.33 h1:HAp1wLFZzch054uh3FK7rcVYg4v7J2FxVf3h3IGNZas=
github.com/aws/aws-sdk-go-v2/internal/configsources v1.4.33/go.mod h1:mJk5fmqnF+WUlMdPG37pR2Fh3oh6r8F6ZGUgPKvzu0c=
github.com/aws/aws-sdk-go-v2/internal/endpoints/v2 v2.7.33 h1:0YA0aCKgsJyno6xkFfaIgjE3/wK08+Qxo9nQfe1UrWM=
github.com/aws/aws-sdk-go-v2/internal/endpoints/v2 v2.7.33/go.mod h1:UZqj4WIdTH+ga8Y/DgpAuy/8cGjM3h7gDCliJYGg2SE=
github.com/aws/aws-sdk-go-v2/internal/v4a v1.4.34 h1:HQYnjFnXpX8EbPW5M1QT8mXzesRPwly0HEPTcFlS02Y=
github.com/aws/aws-sdk-go-v2/internal/v4a v1.4.34/go.mod h1:tGzj56niKYZBbDIRhwPGDqrULzmWv5b6uBQGqyNaFZw=
github.com/aws/aws-sdk-go-v2/service/internal/accept-encoding v1.13.14 h1:SA43nfaY7+1jjMNIc2ywu99JLJLButtIdLP6j+bT870=
github.com/aws/aws-sdk-go-v2/service/internal/accept-encoding v1.13.14/go.mod h1:Du3llKcwbQvHsTXSLzTOGQz0DTDBMEzdg7DAGu7inrY=
github.com/aws/aws-sdk-go-v2/service/internal/checksum v1.9.23 h1:9Fjh6fi/U5JEStVZijmaMpUwE/gvBJj7x2B/PjbO9To=
github.com/aws/aws-sdk-go-v2/service/internal/checksum v1.9.23/go.mod h1:iMoT2f1tClxrWAAnKCXjZQ6LOmfLrMG14wmnWpM+F14=
github.com/aws/aws-sdk-go-v2/service/internal/presigned-url v1.13.33 h1:mqI7OrxN/DUH85F5OqVn3cIfuZ3+HVcebUm2N8mLlgQ=
github.com/aws/aws-sdk-go-v2/service/internal/presigned-url v1.13.33/go.mod h1:eZ5jdEpvaaOU8nWWE4cTAJETSEA5FZoWxvNRao4piHY=
github.com/aws/aws-sdk-go-v2/service/internal/s3shared v1.19.31 h1:uao4A3QZ5UmB326V6KF+qRpv9Tjz7IlnlnTbbANntlU=
github.com/aws/aws-sdk-go-v2/service/internal/s3shared v1.19.31/go.mod h1:I/1+z0VwL1GhQyLgkoHDlygpUZ+iTAwOQ/NsftiUL2I=
github.com/aws/aws-sdk-go-v2/service/s3 v1.105.2 h1:5C00eQYpTrgQXnp6V3P6P7zPElna3AXvlukbANE6nJI=
github.com/aws/aws-sdk-go-v2/service/s3 v1.105.2/go.mod h1:zdmCoFO/dSI7GlrwsPqFJI+WlFnSU4Tc8TJnlXrM1Do=
github.com/aws/aws-sdk-go-v2/service/signin v1.5.2 h1:EjI1CZzDcBxPkTa3j1BdtIrUDbqnOGssFMeyUS+6W0I=
github.com/aws/aws-sdk-go-v2/service/signin v1.5.2/go.mod h1:vN3eb5H8MEAZ4dx0F5Wc9LT8eb3eW7bZZ5BjGJdbw9k=
github.com/aws/aws-sdk-go-v2/service/sso v1.33.2 h1:zMP1FDFE08L7sM5f1QqkH/ZgKKg8Uc0Dz7KhSSYqWkw=
github.com/aws/aws-sdk-go-v2/service/sso v1.33.2/go.mod h1:0LoIZSUKjdo2BleHfT1hv/jlD33LQS00IrBlzoUsoUQ=
github.com/aws/aws-sdk-go-v2/service/ssooidc v1.38.2 h1:9eTqUYl+SyVmaRPMyBXSO9wwqC6TRwZB82pKENK2hdQ=
github.com/aws/aws-sdk-go-v2/service/ssooidc v1.38.2/go.mod h1:DThweuz22kiLc7lGHop5vQ9c3bx5W6Azs/YqSHa2fu8=
github.com/aws/aws-sdk-go-v2/service/sts v1.45.2 h1:EJd8vZO3E8SE6nmPqxuxlQ1NeSb8as50sf6eGdV4Saw=
github.com/aws/aws-sdk-go-v2/service/sts v1.45.2/go.mod h1:OgpPvKzsO2Ranjpli/20djMkg6UrV5mw4W3pZpq1Mqo=
github.com/aws/smithy-go v1.27.5 h1:d1ro7KpYOYwP6m73YFa+Kc/A130VsAdX68SpsJwARMM=
github.com/aws/smithy-go v1.27.5/go.mod h1:YE2RhdIuDbA5E5bTdciG9KrW3+TiEONeUWCqxX9i1Fc=
github.com/bmatcuk/doublestar v1.1.1/go.mod h1:UD6OnuiIn0yFxxA2le/rnRU1G4RaI4UvFv1sNto9p6w=
github.com/coreos/go-oidc/v3 v3.14.1 h1:9ePWwfdwC4QKRlCXsJGou56adA/owXczOzwKdOumLqk=
github.com/coreos/go-oidc/v3 v3.14.1/go.mod h1:HaZ3szPaZ0e4r6ebqvsLWlk2Tn+aejfmrfah6hnSYEU=
github.com/davecgh/go-spew v1.1.0/go.mod h1:J7Y8YcW2NihsgmVo/mv3lAwl/skON4iLHjSsI+c5H38=
github.com/davecgh/go-spew v1.1.1 h1:vj9j/u1bqnvCEfJOwUhtlOARqs3+rkHYY13jYWTU97c=
github.com/davecgh/go-spew v1.1.1/go.mod h1:J7Y8YcW2NihsgmVo/mv3lAwl/skON4iLHjSsI+c5H38=
github.com/flopp/go-coordsparser v0.0.0-20250311184423-61a7ff62d17c h1:HNRXT/BVRhDaHuFjFQ81mHd+DAmkRJXIELEL05LCDpk=
github.com/flopp/go-coordsparser v0.0.0-20250311184423-61a7ff62d17c/go.mod h1:7y/2PxXfR1mGtIQFNtFE1daHIka2e8J480Bsm+MiCpk=
github.com/flopp/go-staticmaps v0.0.0-20260318105611-d3eb636a6468 h1:2YoFKQLi7HNoj3+QOrI5DwfyDdcJerha/LKNnfwBbSE=
github.com/flopp/go-staticmaps v0.0.0-20260318105611-d3eb636a6468/go.mod h1:E8OcHHdFLB2QLmU+YgLc4Yj1mP3VJKB2x8J/HUKfBdw=
github.com/fogleman/gg v1.3.0 h1:/7zJX8F6AaYQc57WQCyN9cAIz+4bCJGO9B+dyW29am8=
github.com/fogleman/gg v1.3.0/go.mod h1:R/bRT+9gY/C5z7JzPU0zXsXHKM4/ayA+zqcVNZzPa1k=
github.com/go-jose/go-jose/v4 v4.0.5 h1:M6T8+mKZl/+fNNuFHvGIzDz7BTLQPIounk/b9dw3AaE=
github.com/go-jose/go-jose/v4 v4.0.5/go.mod h1:s3P1lRrkT8igV8D9OjyL4WRyHvjB6a4JSllnOrmmBOA=
github.com/go-pdf/fpdf v0.9.0 h1:PPvSaUuo1iMi9KkaAn90NuKi+P4gwMedWPHhj8YlJQw=
github.com/go-pdf/fpdf v0.9.0/go.mod h1:oO8N111TkmKb9D7VvWGLvLJlaZUQVPM+6V42pp3iV4Y=
github.com/golang-jwt/jwt/v5 v5.3.1 h1:kYf81DTWFe7t+1VvL7eS+jKFVWaUnK9cB1qbwn63YCY=
github.com/golang-jwt/jwt/v5 v5.3.1/go.mod h1:fxCRLWMO43lRc8nhHWY6LGqRcf+1gQWArsqaEUEa5bE=
github.com/golang/freetype v0.0.0-20170609003504-e2365dfdc4a0 h1:DACJavvAHhabrF08vX0COfcOBJRhZ8lUbR+ZWIs0Y5g=
github.com/golang/freetype v0.0.0-20170609003504-e2365dfdc4a0/go.mod h1:E/TSTwGwJL78qG/PmXZO1EjYhfJinVAhrmmHX6Z8B9k=
github.com/golang/geo v0.0.0-20260713102120-857a528af641 h1:cpoobkgVGCE6bC5kJkOfwfM6hAtZuvoBjnCLECxG4AU=
github.com/golang/geo v0.0.0-20260713102120-857a528af641/go.mod h1:Mymr9kRGDc64JPr03TSZmuIBODZ3KyswLzm1xL0HFA8=
github.com/google/go-cmp v0.7.0 h1:wk8382ETsv4JYUZwIsn6YpYiWiBsYLSJiTsyBybVuN8=
github.com/google/go-cmp v0.7.0/go.mod h1:pXiqmnSA92OHEEa9HXL2W4E7lf9JzCmGVUdgjX3N/iU=
github.com/google/jsonschema-go v0.4.3 h1:/DBOLZTfDow7pe2GmaJNhltueGTtDKICi8V8p+DQPd0=
github.com/google/jsonschema-go v0.4.3/go.mod h1:r5quNTdLOYEz95Ru18zA0ydNbBuYoo9tgaYcxEYhJVE=
github.com/google/uuid v1.6.0 h1:NIvaJDMOsjHA8n1jAhLSgzrAzy1Hgr+hNrb57e+94F0=
github.com/google/uuid v1.6.0/go.mod h1:TIyPZe4MgqvfeYDBFedMoGGpEw/LqOeaOT+nhxU+yHo=
github.com/juju/gnuflag v0.0.0-20171113085948-2ce1bb71843d/go.mod h1:2PavIy+JPciBPrBUjwbNvtwB6RQlve+hkpll6QSNmOE=
github.com/mazznoer/csscolorparser v0.1.8 h1:i7w3wHW99d0q0KZv1ONkU/efXFAKcw1mgEgW6gj8KUA=
github.com/mazznoer/csscolorparser v0.1.8/go.mod h1:OQRVvgCyHDCAquR1YWfSwwaDcM0LhnSffGnlbOew/3I=
github.com/modelcontextprotocol/go-sdk v1.7.0 h1:yqjY2dsbKAC0LSuWZVBMrHgiG8ukXv6NRo0JiALay44=
github.com/modelcontextprotocol/go-sdk v1.7.0/go.mod h1:dL7u98E/zjJTGzEq+j30jQ8K2k1mb6LeAH4inEcSGts=
github.com/oapi-codegen/nullable v1.1.0 h1:eAh8JVc5430VtYVnq00Hrbpag9PFRGWLjxR1/3KntMs=
github.com/oapi-codegen/nullable v1.1.0/go.mod h1:KUZ3vUzkmEKY90ksAmit2+5juDIhIZhfDl+0PwOQlFY=
github.com/oapi-codegen/runtime v1.6.0 h1:7Xx+GlueD6nRuyKoCPzL434Jfi3BetbiJOrzCHp/VPU=
github.com/oapi-codegen/runtime v1.6.0/go.mod h1:GwV7hC2hviaMzj+ITfHVRESK5J2W/GefVwIND/bMGvU=
github.com/openai/openai-go/v3 v3.50.0 h1:CXn+C8a10oQiI5CMyMbCiykhITVhVxhdHX8j3CfLa2U=
github.com/openai/openai-go/v3 v3.50.0/go.mod h1:Ogjo0gDct+Jm7yCqaCjLGQGygeV8xNfNHV1/yKvCji0=
github.com/pmezard/go-difflib v1.0.0 h1:4DBwDE0NGyQoBHbLQYPwSUPoCMWR5BEzIk/f1lZbAQM=
github.com/pmezard/go-difflib v1.0.0/go.mod h1:iKH77koFhYxTK1pcRnkKkqfTogsbg7gZNVY4sRDYZ/4=
github.com/segmentio/asm v1.1.3 h1:WM03sfUOENvvKexOLp+pCqgb/WDjsi7EK8gIsICtzhc=
github.com/segmentio/asm v1.1.3/go.mod h1:Ld3L4ZXGNcSLRg4JBsZ3//1+f/TjYl0Mzen/DQy1EJg=
github.com/segmentio/encoding v0.5.4 h1:OW1VRern8Nw6ITAtwSZ7Idrl3MXCFwXHPgqESYfvNt0=
github.com/segmentio/encoding v0.5.4/go.mod h1:HS1ZKa3kSN32ZHVZ7ZLPLXWvOVIiZtyJnO1gPH1sKt0=
github.com/spkg/bom v0.0.0-20160624110644-59b7046e48ad/go.mod h1:qLr4V1qq6nMqFKkMo8ZTx3f+BZEkzsRUY10Xsm2mwU0=
github.com/stretchr/objx v0.1.0/go.mod h1:HFkY916IF+rwdDfMAkV7OtwuqBVzrE8GR6GFx+wExME=
github.com/stretchr/testify v1.3.0/go.mod h1:M5WIy9Dh21IEIfnGCwXGc5bZfKNJtfHm1UVUgZn+9EI=
github.com/stretchr/testify v1.7.0/go.mod h1:6Fq8oRcR53rry900zMqJjRRixrwX3KX962/h/Wwjteg=
github.com/stretchr/testify v1.11.1 h1:7s2iGBzp5EwR7/aIZr8ao5+dra3wiQyKjjFuvgVKu7U=
github.com/stretchr/testify v1.11.1/go.mod h1:wZwfW3scLgRK+23gO65QZefKpKQRnfz6sD981Nm4B6U=
github.com/tidwall/gjson v1.14.2/go.mod h1:/wbyibRr2FHMks5tjHJ5F8dMZh3AcwJEMf5vlfC0lxk=
github.com/tidwall/gjson v1.19.0 h1:xwxm7n691Uf3u5OFjzngavjGTh55KX5q/9w9xHW88JU=
github.com/tidwall/gjson v1.19.0/go.mod h1:V37/opeE/JbLUOfH0QTXiNez2l0RUjYUhpT4szFQAfc=
github.com/tidwall/match v1.1.1 h1:+Ho715JplO36QYgwN9PGYNhgZvoUSc9X2c80KVTi+GA=
github.com/tidwall/match v1.1.1/go.mod h1:eRSPERbgtNPcGhD8UCthc6PmLEQXEWd3PRB5JTxsfmM=
github.com/tidwall/pretty v1.2.0/go.mod h1:ITEVvHYasfjBbM0u2Pg8T2nJnzm8xPwvNhhsoaGGjNU=
github.com/tidwall/pretty v1.2.1 h1:qjsOFOWWQl+N3RsoF5/ssm1pHmJJwhjlSbZ51I6wMl4=
github.com/tidwall/pretty v1.2.1/go.mod h1:ITEVvHYasfjBbM0u2Pg8T2nJnzm8xPwvNhhsoaGGjNU=
github.com/tidwall/sjson v1.2.5 h1:kLy8mja+1c9jlljvWTlSazM7cKDRfJuR/bOJhcY5NcY=
github.com/tidwall/sjson v1.2.5/go.mod h1:Fvgq9kS/6ociJEDnK0Fk1cpYF4FIW6ZF7LAe+6jwd28=
github.com/tkrajina/gpxgo v1.4.0 h1:cSD5uSwy3VZuNFieTEZLyRnuIwhonQEkGPkPGW4XNag=
github.com/tkrajina/gpxgo v1.4.0/go.mod h1:BXSMfUAvKiEhMEXAFM2NvNsbjsSvp394mOvdcNjettg=
github.com/yaronf/mcpopenapi v0.3.0 h1:CQx7UkjJ6eYfpZrqwcqOs69kqadatwEdeQiWam1kP2E=
github.com/yaronf/mcpopenapi v0.3.0/go.mod h1:vfL3W3HjSfh6FWWVB1fMRex/xTq0XjuyIP12fPqih28=
github.com/yosida95/uritemplate/v3 v3.0.2 h1:Ed3Oyj9yrmi9087+NczuL5BwkIc4wvTb5zIM+UJPGz4=
github.com/yosida95/uritemplate/v3 v3.0.2/go.mod h1:ILOh0sOhIJR3+L/8afwt/kE++YT040gmv5BQTMR2HP4=
golang.org/x/crypto v0.54.0 h1:YLIA59K4fiNzHzjnZt2tUJQjQtUWfWbeHBqKtk3eScw=
golang.org/x/crypto v0.54.0/go.mod h1:KWL8ny2AZdGR2cWmzeHrp2azQPGogOv+HeQaVEXC2dk=
golang.org/x/image v0.28.0 h1:gdem5JW1OLS4FbkWgLO+7ZeFzYtL3xClb97GaUzYMFE=
golang.org/x/image v0.28.0/go.mod h1:GUJYXtnGKEUgggyzh+Vxt+AviiCcyiwpsl8iQ8MvwGY=
golang.org/x/net v0.0.0-20210614182718-04defd469f4e/go.mod h1:9nx3DQGgdP8bBQD5qxJ1jj9UTztislL4KSBs9R2vV5Y=
golang.org/x/net v0.57.0 h1:K5+3DljvIuDG9/Jv9rvyMywYNFCQ9RSUY6OOTTkT+tE=
golang.org/x/net v0.57.0/go.mod h1:KpXc8iv+r3XplLAG/f7Jsf9RPszJzdR0f58q9vGOuEU=
golang.org/x/oauth2 v0.35.0 h1:Mv2mzuHuZuY2+bkyWXIHMfhNdJAdwW3FuWeCPYN5GVQ=
golang.org/x/oauth2 v0.35.0/go.mod h1:lzm5WQJQwKZ3nwavOZ3IS5Aulzxi68dUSgRHujetwEA=
golang.org/x/sync v0.22.0 h1:SZjpbeLmrCk4xhRSZFNZW5gFUeCeFgjekvI/+gfScek=
golang.org/x/sync v0.22.0/go.mod h1:9xrNwdLfx4jkKbNva9FpL6vEN7evnE43NNNJQ2LF3+0=
golang.org/x/sys v0.0.0-20201119102817-f84b799fce68/go.mod h1:h1NjWce9XRLGQEsW7wpKNCjG9DtNlClVuFLEZdDNbEs=
golang.org/x/sys v0.0.0-20210423082822-04245dca01da/go.mod h1:h1NjWce9XRLGQEsW7wpKNCjG9DtNlClVuFLEZdDNbEs=
golang.org/x/sys v0.47.0 h1:o7XGOvZQCADBQQ4Y7VNq2dRWQR7JmOUW8Kxx4ZsNgWs=
golang.org/x/sys v0.47.0/go.mod h1:4GL1E5IUh+htKOUEOaiffhrAeqysfVGipDYzABqnCmw=
golang.org/x/term v0.0.0-20201126162022-7de9c90e9dd1/go.mod h1:bj7SfCRtBDWHUb9snDiAeCFNEtKQo2Wmx5Cou7ajbmo=
golang.org/x/text v0.3.6/go.mod h1:5Zoc/QRtKVWzQhOtBMvqHzDpF6irO9z98xDceosuGiQ=
golang.org/x/text v0.40.0 h1:Ub2Z6/xjgF1WrYQz2nuITOEegKFtiIy+rieRJ5lHZKs=
golang.org/x/text v0.40.0/go.mod h1:hpnzDAfGV753zIKo+wk3u1bVKCGPbrnF7+7LBF/UHVY=
golang.org/x/time v0.15.0 h1:bbrp8t3bGUeFOx08pvsMYRTCVSMk89u4tKbNOZbp88U=
golang.org/x/time v0.15.0/go.mod h1:Y4YMaQmXwGQZoFaVFk4YpCt4FLQMYKZe9oeV/f4MSno=
golang.org/x/tools v0.0.0-20180917221912-90fa682c2a6e/go.mod h1:n7NCudcB/nEzxVGmLbDWY5pfWTLqBcC2KZ6jyYvM4mQ=
golang.org/x/tools v0.47.0 h1:7Kn5x/d1svx/PzryTsqeoZN4TZwqeH5pGWjefhLi/1Q=
golang.org/x/tools v0.47.0/go.mod h1:dFHnyTvFWY212G+h7ZY4Vsp/K3U4/7W9TyVaAul8uCA=
gopkg.in/check.v1 v0.0.0-20161208181325-20d25e280405 h1:yhCVgyC4o1eVCa2tZl7eS0r+SDo693bJlVdllGtEeKM=
gopkg.in/check.v1 v0.0.0-20161208181325-20d25e280405/go.mod h1:Co6ibVJAznAaIkqp8huTwlJQCZ016jof/cbN4VW5Yz0=
gopkg.in/yaml.v3 v3.0.0-20200313102051-9f266ea9e77c/go.mod h1:K4uyk7z7BCEPqu6E+C64Yfv1cQ7kz7rIZviUmN+EgEM=
gopkg.in/yaml.v3 v3.0.1 h1:fxVm/GzAzEWqLHuvctI91KS9hhNmmWOoWu0XTYJS7CA=
gopkg.in/yaml.v3 v3.0.1/go.mod h1:K4uyk7z7BCEPqu6E+C64Yfv1cQ7kz7rIZviUmN+EgEM=
